
Microsoft Visual Studio Solution File, Format Version 12.00
# Visual Studio Version 17
VisualStudioVersion = 17.6.33815.320
MinimumVisualStudioVersion = 10.0.40219.1
Project("{FAE04EC0-301F-11D3-BF4B-00C04F79EFBC}") = "GymManagerApp", "GymManagerApp\GymManagerApp.csproj", "{BF65439B-E32A-4FEF-9E64-B1CA867944C6}"
EndProject
Global
	GlobalSection(SolutionConfigurationPlatforms) = preSolution
		Debug|Any CPU = Debug|Any CPU
		Release|Any CPU = Release|Any CPU
	EndGlobalSection
	GlobalSection(ProjectConfigurationPlatforms) = postSolution
		{BF65439B-E32A-4FEF-9E64-B1CA867944C6}.Debug|Any CPU.ActiveCfg = Debug|Any CPU
		{BF65439B-E32A-4FEF-9E64-B1CA867944C6}.Debug|Any CPU.Build.0 = Debug|Any CPU
		{BF65439B-E32A-4FEF-9E64-B1CA867944C6}.Release|Any CPU.ActiveCfg = Release|Any CPU
		{BF65439B-E32A-4FEF-9E64-B1CA867944C6}.Release|Any CPU.Build.0 = Release|Any CPU
	EndGlobalSection
	GlobalSection(SolutionProperties) = preSolution
		HideSolutionNode = FALSE
	EndGlobalSection
	GlobalSection(ExtensibilityGlobals) = postSolution
		SolutionGuid = {B9CC6C04-9E43-4A08-8A56-25E7AF319E55}
	EndGlobalSection
EndGlobal
